// !$*UTF8*$!
{
	archiveVersion = 1;
	classes = {
	};
	objectVersion = 56;
	objects = {

/* Begin PBXBuildFile section */
		63007ABC29A23AB900DB5DCE /* TimerSwiftUIApp.swift in Sources */ = {isa = PBXBuildFile; fileRef = 63007ABB29A23AB900DB5DCE /* TimerSwiftUIApp.swift */; };
		63007ABE29A23AB900DB5DCE /* ContentView.swift in Sources */ = {isa = PBXBuildFile; fileRef = 63007ABD29A23AB900DB5DCE /* ContentView.swift */; };
		63007AC029A23ABA00DB5DCE /* Assets.xcassets in Resources */ = {isa = PBXBuildFile; fileRef = 63007ABF29A23ABA00DB5DCE /* Assets.xcassets */; };
		63007AC329A23ABA00DB5DCE /* Preview Assets.xcassets in Resources */ = {isa = PBXBuildFile; fileRef = 63007AC229A23ABA00DB5DCE /* Preview Assets.xcassets */; };
		63007ACA29A23D3500DB5DCE /* UserManager.swift in Sources */ = {isa = PBXBuildFile; fileRef = 63007AC929A23D3400DB5DCE /* UserManager.swift */; };
		63007ACC29A23F4600DB5DCE /* RegisterView.swift in Sources */ = {isa = PBXBuildFile; fileRef = 63007ACB29A23F4600DB5DCE /* RegisterView.swift */; };
		63007ACE29A2411900DB5DCE /* TimerView.swift in Sources */ = {isa = PBXBuildFile; fileRef = 63007ACD29A2411900DB5DCE /* TimerView.swift */; };
		63007AD029A242DD00DB5DCE /* TimerCounter.swift in Sources */ = {isa = PBXBuildFile; fileRef = 63007ACF29A242DD00DB5DCE /* TimerCounter.swift */; };
/* End PBXBuildFile section */

/* Begin PBXFileReference section */
		63007AB829A23AB900DB5DCE /* TimerSwiftUI.app */ = {isa = PBXFileReference; explicitFileType = wrapper.application; includeInIndex = 0; path = TimerSwiftUI.app; sourceTree = BUILT_PRODUCTS_DIR; };
		63007ABB29A23AB900DB5DCE /* TimerSwiftUIApp.swift */ = {isa = PBXFileReference; lastKnownFileType = sourcecode.swift; path = TimerSwiftUIApp.swift; sourceTree = "<group>"; };
		63007ABD29A23AB900DB5DCE /* ContentView.swift */ = {isa = PBXFileReference; lastKnownFileType = sourcecode.swift; path = ContentView.swift; sourceTree = "<group>"; };
		63007ABF29A23ABA00DB5DCE /* Assets.xcassets */ = {isa = PBXFileReference; lastKnownFileType = folder.assetcatalog; path = Assets.xcassets; sourceTree = "<group>"; };
		63007AC229A23ABA00DB5DCE /* Preview Assets.xcassets */ = {isa = PBXFileReference; lastKnownFileType = folder.assetcatalog; path = "Preview Assets.xcassets"; sourceTree = "<group>"; };
		63007AC929A23D3400DB5DCE /* UserManager.swift */ = {isa = PBXFileReference; lastKnownFileType = sourcecode.swift; path = UserManager.swift; sourceTree = "<group>"; };
		63007ACB29A23F4600DB5DCE /* RegisterView.swift */ = {isa = PBXFileReference; lastKnownFileType = sourcecode.swift; path = RegisterView.swift; sourceTree = "<group>"; };
		63007ACD29A2411900DB5DCE /* TimerView.swift */ = {isa = PBXFileReference; lastKnownFileType = sourcecode.swift; path = TimerView.swift; sourceTree = "<group>"; };
		63007ACF29A242DD00DB5DCE /* TimerCounter.swift */ = {isa = PBXFileReference; lastKnownFileType = sourcecode.swift; path = TimerCounter.swift; sourceTree = "<group>"; };
/* End PBXFileReference section */

/* Begin PBXFrameworksBuildPhase section */
		63007AB529A23AB900DB5DCE /* Frameworks */ = {
			isa = PBXFrameworksBuildPhase;
			buildActionMask = 2147483647;
			files = (
			);
			runOnlyForDeploymentPostprocessing = 0;
		};
/* End PBXFrameworksBuildPhase section */

/* Begin PBXGroup section */
		63007AAF29A23AB900DB5DCE = {
			isa = PBXGroup;
			children = (
				63007ABA29A23AB900DB5DCE /* TimerSwiftUI */,
				63007AB929A23AB900DB5DCE /* Products */,
			);
			sourceTree = "<group>";
		};
		63007AB929A23AB900DB5DCE /* Products */ = {
			isa = PBXGroup;
			children = (
				63007AB829A23AB900DB5DCE /* TimerSwiftUI.app */,
			);
			name = Products;
			sourceTree = "<group>";
		};
		63007ABA29A23AB900DB5DCE /* TimerSwiftUI */ = {
			isa = PBXGroup;
			children = (
				63007ABB29A23AB900DB5DCE /* TimerSwiftUIApp.swift */,
				63007AD229A3755900DB5DCE /* Views */,
				63007AD129A3754C00DB5DCE /* Data Model */,
				63007ABF29A23ABA00DB5DCE /* Assets.xcassets */,
				63007AC129A23ABA00DB5DCE /* Preview Content */,
			);
			path = TimerSwiftUI;
			sourceTree = "<group>";
		};
		63007AC129A23ABA00DB5DCE /* Preview Content */ = {
			isa = PBXGroup;
			children = (
				63007AC229A23ABA00DB5DCE /* Preview Assets.xcassets */,
			);
			path = "Preview Content";
			sourceTree = "<group>";
		};
		63007AD129A3754C00DB5DCE /* Data Model */ = {
			isa = PBXGroup;
			children = (
				63007AC929A23D3400DB5DCE /* UserManager.swift */,
				63007ACF29A242DD00DB5DCE /* TimerCounter.swift */,
			);
			path = "Data Model";
			sourceTree = "<group>";
		};
		63007AD229A3755900DB5DCE /* Views */ = {
			isa = PBXGroup;
			children = (
				63007ABD29A23AB900DB5DCE /* ContentView.swift */,
				63007ACD29A2411900DB5DCE /* TimerView.swift */,
				63007ACB29A23F4600DB5DCE /* RegisterView.swift */,
			);
			path = Views;
			sourceTree = "<group>";
		};
/* End PBXGroup section */

/* Begin PBXNativeTarget section */
		63007AB729A23AB900DB5DCE /* TimerSwiftUI */ = {
			isa = PBXNativeTarget;
			buildConfigurationList = 63007AC629A23ABA00DB5DCE /* Build configuration list for PBXNativeTarget "TimerSwiftUI" */;
			buildPhases = (
				63007AB429A23AB900DB5DCE /* Sources */,
				63007AB529A23AB900DB5DCE /* Frameworks */,
				63007AB629A23AB900DB5DCE /* Resources */,
			);
			buildRules = (
			);
			dependencies = (
			);
			name = TimerSwiftUI;
			productName = TimerSwiftUI;
			productReference = 63007AB829A23AB900DB5DCE /* TimerSwiftUI.app */;
			productType = "com.apple.product-type.application";
		};
/* End PBXNativeTarget section */

/* Begin PBXProject section */
		63007AB029A23AB900DB5DCE /* Project object */ = {
			isa = PBXProject;
			attributes = {
				BuildIndependentTargetsInParallel = 1;
				LastSwiftUpdateCheck = 1420;
				LastUpgradeCheck = 1420;
				TargetAttributes = {
					63007AB729A23AB900DB5DCE = {
						CreatedOnToolsVersion = 14.2;
					};
				};
			};
			buildConfigurationList = 63007AB329A23AB900DB5DCE /* Build configuration list for PBXProject "TimerSwiftUI" */;
			compatibilityVersion = "Xcode 14.0";
			developmentRegion = en;
			hasScannedForEncodings = 0;
			knownRegions = (
				en,
				Base,
			);
			mainGroup = 63007AAF29A23AB900DB5DCE;
			productRefGroup = 63007AB929A23AB900DB5DCE /* Products */;
			projectDirPath = "";
			projectRoot = "";
			targets = (
				63007AB729A23AB900DB5DCE /* TimerSwiftUI */,
			);
		};
/* End PBXProject section */

/* Begin PBXResourcesBuildPhase section */
		63007AB629A23AB900DB5DCE /* Resources */ = {
			isa = PBXResourcesBuildPhase;
			buildActionMask = 2147483647;
			files = (
				63007AC329A23ABA00DB5DCE /* Preview Assets.xcassets in Resources */,
				63007AC029A23ABA00DB5DCE /* Assets.xcassets in Resources */,
			);
			runOnlyForDeploymentPostprocessing = 0;
		};
/* End PBXResourcesBuildPhase section */

/* Begin PBXSourcesBuildPhase section */
		63007AB429A23AB900DB5DCE /* Sources */ = {
			isa = PBXSourcesBuildPhase;
			buildActionMask = 2147483647;
			files = (
				63007ACE29A2411900DB5DCE /* TimerView.swift in Sources */,
				63007ACA29A23D3500DB5DCE /* UserManager.swift in Sources */,
				63007ACC29A23F4600DB5DCE /* RegisterView.swift in Sources */,
				63007ABE29A23AB900DB5DCE /* ContentView.swift in Sources */,
				63007AD029A242DD00DB5DCE /* TimerCounter.swift in Sources */,
				63007ABC29A23AB900DB5DCE /* TimerSwiftUIApp.swift in Sources */,
			);
			runOnlyForDeploymentPostprocessing = 0;
		};
/* End PBXSourcesBuildPhase section */

/* Begin XCBuildConfiguration section */
		63007AC429A23ABA00DB5DCE /* Debug */ = {
			isa = XCBuildConfiguration;
			buildSettings = {
				ALWAYS_SEARCH_USER_PATHS = NO;
				CLANG_ANALYZER_NONNULL = YES;
				CLANG_ANALYZER_NUMBER_OBJECT_CONVERSION = YES_AGGRESSIVE;
				CLANG_CXX_LANGUAGE_STANDARD = "gnu++20";
				CLANG_ENABLE_MODULES = YES;
				CLANG_ENABLE_OBJC_ARC = YES;
				CLANG_ENABLE_OBJC_WEAK = YES;
				CLANG_WARN_BLOCK_CAPTURE_AUTORELEASING = YES;
				CLANG_WARN_BOOL_CONVERSION = YES;
				CLANG_WARN_COMMA = YES;
				CLANG_WARN_CONSTANT_CONVERSION = YES;
				CLANG_WARN_DEPRECATED_OBJC_IMPLEMENTATIONS = YES;
				CLANG_WARN_DIRECT_OBJC_ISA_USAGE = YES_ERROR;
				CLANG_WARN_DOCUMENTATION_COMMENTS = YES;
				CLANG_WARN_EMPTY_BODY = YES;
				CLANG_WARN_ENUM_CONVERSION = YES;
				CLANG_WARN_INFINITE_RECURSION = YES;
				CLANG_WARN_INT_CONVERSION = YES;
				CLANG_WARN_NON_LITERAL_NULL_CONVERSION = YES;
				CLANG_WARN_OBJC_IMPLICIT_RETAIN_SELF = YES;
				CLANG_WARN_OBJC_LITERAL_CONVERSION = YES;
				CLANG_WARN_OBJC_ROOT_CLASS = YES_ERROR;
				CLANG_WARN_QUOTED_INCLUDE_IN_FRAMEWORK_HEADER = YES;
				CLANG_WARN_RANGE_LOOP_ANALYSIS = YES;
				CLANG_WARN_STRICT_PROTOTYPES = YES;
				CLANG_WARN_SUSPICIOUS_MOVE = YES;
				CLANG_WARN_UNGUARDED_AVAILABILITY = YES_AGGRESSIVE;
				CLANG_WARN_UNREACHABLE_CODE = YES;
				CLANG_WARN__DUPLICATE_METHOD_MATCH = YES;
				COPY_PHASE_STRIP = NO;
				DEBUG_INFORMATION_FORMAT = dwarf;
				ENABLE_STRICT_OBJC_MSGSEND = YES;
				ENABLE_TESTABILITY = YES;
				GCC_C_LANGUAGE_STANDARD = gnu11;
				GCC_DYNAMIC_NO_PIC = NO;
				GCC_NO_COMMON_BLOCKS = YES;
				GCC_OPTIMIZATION_LEVEL = 0;
				GCC_PREPROCESSOR_DEFINITIONS = (
					"DEBUG=1",
					"$(inherited)",
				);
				GCC_WARN_64_TO_32_BIT_CONVERSION = YES;
				GCC_WARN_ABOUT_RETURN_TYPE = YES_ERROR;
				GCC_WARN_UNDECLARED_SELECTOR = YES;
				GCC_WARN_UNINITIALIZED_AUTOS = YES_AGGRESSIVE;
				GCC_WARN_UNUSED_FUNCTION = YES;
				GCC_WARN_UNUSED_VARIABLE = YES;
				IPHONEOS_DEPLOYMENT_TARGET = 16.2;
				MTL_ENABLE_DEBUG_INFO = INCLUDE_SOURCE;
				MTL_FAST_MATH = YES;
				ONLY_ACTIVE_ARCH = YES;
				SDKROOT = iphoneos;
				SWIFT_ACTIVE_COMPILATION_CONDITIONS = DEBUG;
				SWIFT_OPTIMIZATION_LEVEL = "-Onone";
			};
			name = Debug;
		};
		63007AC529A23ABA00DB5DCE /* Release */ = {
			isa = XCBuildConfiguration;
			buildSettings = {
				ALWAYS_SEARCH_USER_PATHS = NO;
				CLANG_ANALYZER_NONNULL = YES;
				CLANG_ANALYZER_NUMBER_OBJECT_CONVERSION = YES_AGGRESSIVE;
				CLANG_CXX_LANGUAGE_STANDARD = "gnu++20";
				CLANG_ENABLE_MODULES = YES;
				CLANG_ENABLE_OBJC_ARC = YES;
				CLANG_ENABLE_OBJC_WEAK = YES;
				CLANG_WARN_BLOCK_CAPTURE_AUTORELEASING = YES;
				CLANG_WARN_BOOL_CONVERSION = YES;
				CLANG_WARN_COMMA = YES;
				CLANG_WARN_CONSTANT_CONVERSION = YES;
				CLANG_WARN_DEPRECATED_OBJC_IMPLEMENTATIONS = YES;
				CLANG_WARN_DIRECT_OBJC_ISA_USAGE = YES_ERROR;
				CLANG_WARN_DOCUMENTATION_COMMENTS = YES;
				CLANG_WARN_EMPTY_BODY = YES;
				CLANG_WARN_ENUM_CONVERSION = YES;
				CLANG_WARN_INFINITE_RECURSION = YES;
				CLANG_WARN_INT_CONVERSION = YES;
				CLANG_WARN_NON_LITERAL_NULL_CONVERSION = YES;
				CLANG_WARN_OBJC_IMPLICIT_RETAIN_SELF = YES;
				CLANG_WARN_OBJC_LITERAL_CONVERSION = YES;
				CLANG_WARN_OBJC_ROOT_CLASS = YES_ERROR;
				CLANG_WARN_QUOTED_INCLUDE_IN_FRAMEWORK_HEADER = YES;
				CLANG_WARN_RANGE_LOOP_ANALYSIS = YES;
				CLANG_WARN_STRICT_PROTOTYPES = YES;
				CLANG_WARN_SUSPICIOUS_MOVE = YES;
				CLANG_WARN_UNGUARDED_AVAILABILITY = YES_AGGRESSIVE;
				CLANG_WARN_UNREACHABLE_CODE = YES;
				CLANG_WARN__DUPLICATE_METHOD_MATCH = YES;
				COPY_PHASE_STRIP = NO;
				DEBUG_INFORMATION_FORMAT = "dwarf-with-dsym";
				ENABLE_NS_ASSERTIONS = NO;
				ENABLE_STRICT_OBJC_MSGSEND = YES;
				GCC_C_LANGUAGE_STANDARD = gnu11;
				GCC_NO_COMMON_BLOCKS = YES;
				GCC_WARN_64_TO_32_BIT_CONVERSION = YES;
				GCC_WARN_ABOUT_RETURN_TYPE = YES_ERROR;
				GCC_WARN_UNDECLARED_SELECTOR = YES;
				GCC_WARN_UNINITIALIZED_AUTOS = YES_AGGRESSIVE;
				GCC_WARN_UNUSED_FUNCTION = YES;
				GCC_WARN_UNUSED_VARIABLE = YES;
				IPHONEOS_DEPLOYMENT_TARGET = 16.2;
				MTL_ENABLE_DEBUG_INFO = NO;
				MTL_FAST_MATH = YES;
				SDKROOT = iphoneos;
				SWIFT_COMPILATION_MODE = wholemodule;
				SWIFT_OPTIMIZATION_LEVEL = "-O";
				VALIDATE_PRODUCT = YES;
			};
			name = Release;
		};
		63007AC729A23ABA00DB5DCE /* Debug */ = {
			isa = XCBuildConfiguration;
			buildSettings = {
				ASSETCATALOG_COMPILER_APPICON_NAME = AppIcon;
				ASSETCATALOG_COMPILER_GLOBAL_ACCENT_COLOR_NAME = AccentColor;
				CODE_SIGN_STYLE = Automatic;
				CURRENT_PROJECT_VERSION = 1;
				DEVELOPMENT_ASSET_PATHS = "\"TimerSwiftUI/Preview Content\"";
				DEVELOPMENT_TEAM = JQSUXNGVC5;
				ENABLE_PREVIEWS = YES;
				GENERATE_INFOPLIST_FILE = YES;
				INFOPLIST_KEY_UIApplicationSceneManifest_Generation = YES;
				INFOPLIST_KEY_UIApplicationSupportsIndirectInputEvents = YES;
				INFOPLIST_KEY_UILaunchScreen_Generation = YES;
				INFOPLIST_KEY_UISupportedInterfaceOrientations_iPad = "UIInterfaceOrientationPortrait UIInterfaceOrientationPortraitUpsideDown UIInterfaceOrientationLandscapeLeft UIInterfaceOrientationLandscapeRight";
				INFOPLIST_KEY_UISupportedInterfaceOrientations_iPhone = "UIInterfaceOrientationPortrait UIInterfaceOrientationLandscapeLeft UIInterfaceOrientationLandscapeRight";
				LD_RUNPATH_SEARCH_PATHS = (
					"$(inherited)",
					"@executable_path/Frameworks",
				);
				MARKETING_VERSION = 1.0;
				PRODUCT_BUNDLE_IDENTIFIER = EugeneZabrodski.TimerSwiftUI;
				PRODUCT_NAME = "$(TARGET_NAME)";
				SWIFT_EMIT_LOC_STRINGS = YES;
				SWIFT_VERSION = 5.0;
				TARGETED_DEVICE_FAMILY = "1,2";
			};
			name = Debug;
		};
		63007AC829A23ABA00DB5DCE /* Release */ = {
			isa = XCBuildConfiguration;
			buildSettings = {
				ASSETCATALOG_COMPILER_APPICON_NAME = AppIcon;
				ASSETCATALOG_COMPILER_GLOBAL_ACCENT_COLOR_NAME = AccentColor;
				CODE_SIGN_STYLE = Automatic;
				CURRENT_PROJECT_VERSION = 1;
				DEVELOPMENT_ASSET_PATHS = "\"TimerSwiftUI/Preview Content\"";
				DEVELOPMENT_TEAM = JQSUXNGVC5;
				ENABLE_PREVIEWS = YES;
				GENERATE_INFOPLIST_FILE = YES;
				INFOPLIST_KEY_UIApplicationSceneManifest_Generation = YES;
				INFOPLIST_KEY_UIApplicationSupportsIndirectInputEvents = YES;
				INFOPLIST_KEY_UILaunchScreen_Generation = YES;
				INFOPLIST_KEY_UISupportedInterfaceOrientations_iPad = "UIInterfaceOrientationPortrait UIInterfaceOrientationPortraitUpsideDown UIInterfaceOrientationLandscapeLeft UIInterfaceOrientationLandscapeRight";
				INFOPLIST_KEY_UISupportedInterfaceOrientations_iPhone = "UIInterfaceOrientationPortrait UIInterfaceOrientationLandscapeLeft UIInterfaceOrientationLandscapeRight";
				LD_RUNPATH_SEARCH_PATHS = (
					"$(inherited)",
					"@executable_path/Frameworks",
				);
				MARKETING_VERSION = 1.0;
				PRODUCT_BUNDLE_IDENTIFIER = EugeneZabrodski.TimerSwiftUI;
				PRODUCT_NAME = "$(TARGET_NAME)";
				SWIFT_EMIT_LOC_STRINGS = YES;
				SWIFT_VERSION = 5.0;
				TARGETED_DEVICE_FAMILY = "1,2";
			};
			name = Release;
		};
/* End XCBuildConfiguration section */

/* Begin XCConfigurationList section */
		63007AB329A23AB900DB5DCE /* Build configuration list for PBXProject "TimerSwiftUI" */ = {
			isa = XCConfigurationList;
			buildConfigurations = (
				63007AC429A23ABA00DB5DCE /* Debug */,
				63007AC529A23ABA00DB5DCE /* Release */,
			);
			defaultConfigurationIsVisible = 0;
			defaultConfigurationName = Release;
		};
		63007AC629A23ABA00DB5DCE /* Build configuration list for PBXNativeTarget "TimerSwiftUI" */ = {
			isa = XCConfigurationList;
			buildConfigurations = (
				63007AC729A23ABA00DB5DCE /* Debug */,
				63007AC829A23ABA00DB5DCE /* Release */,
			);
			defaultConfigurationIsVisible = 0;
			defaultConfigurationName = Release;
		};
/* End XCConfigurationList section */
	};
	rootObject = 63007AB029A23AB900DB5DCE /* Project object */;
}
